
Microsoft Visual Studio Solution File, Format Version 12.00
# Visual Studio Version 16
VisualStudioVersion = 16.0.32602.291
MinimumVisualStudioVersion = 10.0.40219.1
Project("{FAE04EC0-301F-11D3-BF4B-00C04F79EFBC}") = "NroComplejoPOO2022.Consola", "NroComplejoPOO2022.Consola\NroComplejoPOO2022.Consola.csproj", "{ECA6D6D6-724F-4E91-8761-3C8AA8AA46D9}"
EndProject
Project("{FAE04EC0-301F-11D3-BF4B-00C04F79EFBC}") = "NroComplejoPOO2022.Entidades", "NroComplejoPOO2022.Entidades\NroComplejoPOO2022.Entidades.csproj", "{B625372B-F33B-4C0B-ABC2-4D6901E0DA44}"
EndProject
Global
	GlobalSection(SolutionConfigurationPlatforms) = preSolution
		Debug|Any CPU = Debug|Any CPU
		Release|Any CPU = Release|Any CPU
	EndGlobalSection
	GlobalSection(ProjectConfigurationPlatforms) = postSolution
		{ECA6D6D6-724F-4E91-8761-3C8AA8AA46D9}.Debug|Any CPU.ActiveCfg = Debug|Any CPU
		{ECA6D6D6-724F-4E91-8761-3C8AA8AA46D9}.Debug|Any CPU.Build.0 = Debug|Any CPU
		{ECA6D6D6-724F-4E91-8761-3C8AA8AA46D9}.Release|Any CPU.ActiveCfg = Release|Any CPU
		{ECA6D6D6-724F-4E91-8761-3C8AA8AA46D9}.Release|Any CPU.Build.0 = Release|Any CPU
		{B625372B-F33B-4C0B-ABC2-4D6901E0DA44}.Debug|Any CPU.ActiveCfg = Debug|Any CPU
		{B625372B-F33B-4C0B-ABC2-4D6901E0DA44}.Debug|Any CPU.Build.0 = Debug|Any CPU
		{B625372B-F33B-4C0B-ABC2-4D6901E0DA44}.Release|Any CPU.ActiveCfg = Release|Any CPU
		{B625372B-F33B-4C0B-ABC2-4D6901E0DA44}.Release|Any CPU.Build.0 = Release|Any CPU
	EndGlobalSection
	GlobalSection(SolutionProperties) = preSolution
		HideSolutionNode = FALSE
	EndGlobalSection
	GlobalSection(ExtensibilityGlobals) = postSolution
		SolutionGuid = {328FD623-A196-41EE-8170-793FED3C623F}
	EndGlobalSection
EndGlobal
